// !$*UTF8*$!
{
	archiveVersion = 1;
	classes = {
	};
	objectVersion = 46;
	objects = {

/* Begin PBXBuildFile section */
		D1705F581DC5CF4300F1898B /* TPCircularBuffer.c in Sources */ = {isa = PBXBuildFile; fileRef = D1705F561DC5CF4300F1898B /* TPCircularBuffer.c */; };
		D18D31791DC5D80000AD55A2 /* Airstream.framework in Frameworks */ = {isa = PBXBuildFile; fileRef = D1D329661DC5AADA00C1944A /* Airstream.framework */; };
		D18D317A1DC5D80000AD55A2 /* Airstream.framework in Embed Frameworks */ = {isa = PBXBuildFile; fileRef = D1D329661DC5AADA00C1944A /* Airstream.framework */; settings = {ATTRIBUTES = (CodeSignOnCopy, RemoveHeadersOnCopy, ); }; };
		D1D329431DC5AA9A00C1944A /* main.m in Sources */ = {isa = PBXBuildFile; fileRef = D1D329421DC5AA9A00C1944A /* main.m */; };
		D1D329461DC5AA9A00C1944A /* AppDelegate.m in Sources */ = {isa = PBXBuildFile; fileRef = D1D329451DC5AA9A00C1944A /* AppDelegate.m */; };
		D1D329491DC5AA9A00C1944A /* ViewController.m in Sources */ = {isa = PBXBuildFile; fileRef = D1D329481DC5AA9A00C1944A /* ViewController.m */; };
		D1D3294C1DC5AA9A00C1944A /* Main.storyboard in Resources */ = {isa = PBXBuildFile; fileRef = D1D3294A1DC5AA9A00C1944A /* Main.storyboard */; };
		D1D3294E1DC5AA9A00C1944A /* Assets.xcassets in Resources */ = {isa = PBXBuildFile; fileRef = D1D3294D1DC5AA9A00C1944A /* Assets.xcassets */; };
		D1D329511DC5AA9A00C1944A /* LaunchScreen.storyboard in Resources */ = {isa = PBXBuildFile; fileRef = D1D3294F1DC5AA9A00C1944A /* LaunchScreen.storyboard */; };
/* End PBXBuildFile section */

/* Begin PBXContainerItemProxy section */
		D18D317B1DC5D80000AD55A2 /* PBXContainerItemProxy */ = {
			isa = PBXContainerItemProxy;
			containerPortal = D1D3295E1DC5AADA00C1944A /* Airstream.xcodeproj */;
			proxyType = 1;
			remoteGlobalIDString = D1524B371DC562AF009C5D23;
			remoteInfo = Airstream;
		};
		D1D329651DC5AADA00C1944A /* PBXContainerItemProxy */ = {
			isa = PBXContainerItemProxy;
			containerPortal = D1D3295E1DC5AADA00C1944A /* Airstream.xcodeproj */;
			proxyType = 2;
			remoteGlobalIDString = D1524B381DC562AF009C5D23;
			remoteInfo = Airstream;
		};
/* End PBXContainerItemProxy section */

/* Begin PBXCopyFilesBuildPhase section */
		D18D317D1DC5D80000AD55A2 /* Embed Frameworks */ = {
			isa = PBXCopyFilesBuildPhase;
			buildActionMask = 2147483647;
			dstPath = "";
			dstSubfolderSpec = 10;
			files = (
				D18D317A1DC5D80000AD55A2 /* Airstream.framework in Embed Frameworks */,
			);
			name = "Embed Frameworks";
			runOnlyForDeploymentPostprocessing = 0;
		};
/* End PBXCopyFilesBuildPhase section */

/* Begin PBXFileReference section */
		D127782A1DC5AE7C00818DB0 /* libshairplay.a */ = {isa = PBXFileReference; lastKnownFileType = archive.ar; name = libshairplay.a; path = "../../../../../Library/Developer/Xcode/DerivedData/Airstream_iOS_Example-gvtzivefquhkrheijdiuajjoobub/Build/Products/libshairplay.a"; sourceTree = "<group>"; };
		D1705F0A1DC5B07000F1898B /* libalac.a */ = {isa = PBXFileReference; lastKnownFileType = archive.ar; name = libalac.a; path = "../../../../../Library/Developer/Xcode/DerivedData/Airstream_iOS_Example-gvtzivefquhkrheijdiuajjoobub/Build/Products/libalac.a"; sourceTree = "<group>"; };
		D1705F0C1DC5B07200F1898B /* libcrypto.a */ = {isa = PBXFileReference; lastKnownFileType = archive.ar; name = libcrypto.a; path = "../../../../../Library/Developer/Xcode/DerivedData/Airstream_iOS_Example-gvtzivefquhkrheijdiuajjoobub/Build/Products/libcrypto.a"; sourceTree = "<group>"; };
		D1705F561DC5CF4300F1898B /* TPCircularBuffer.c */ = {isa = PBXFileReference; fileEncoding = 4; lastKnownFileType = sourcecode.c.c; name = TPCircularBuffer.c; path = Carthage/Checkouts/TPCircularBuffer/TPCircularBuffer.c; sourceTree = "<group>"; };
		D1705F571DC5CF4300F1898B /* TPCircularBuffer.h */ = {isa = PBXFileReference; fileEncoding = 4; lastKnownFileType = sourcecode.c.h; name = TPCircularBuffer.h; path = Carthage/Checkouts/TPCircularBuffer/TPCircularBuffer.h; sourceTree = "<group>"; };
		D1D3293E1DC5AA9A00C1944A /* Airstream iOS Example.app */ = {isa = PBXFileReference; explicitFileType = wrapper.application; includeInIndex = 0; path = "Airstream iOS Example.app"; sourceTree = BUILT_PRODUCTS_DIR; };
		D1D329421DC5AA9A00C1944A /* main.m */ = {isa = PBXFileReference; lastKnownFileType = sourcecode.c.objc; path = main.m; sourceTree = "<group>"; };
		D1D329441DC5AA9A00C1944A /* AppDelegate.h */ = {isa = PBXFileReference; lastKnownFileType = sourcecode.c.h; path = AppDelegate.h; sourceTree = "<group>"; };
		D1D329451DC5AA9A00C1944A /* AppDelegate.m */ = {isa = PBXFileReference; lastKnownFileType = sourcecode.c.objc; path = AppDelegate.m; sourceTree = "<group>"; };
		D1D329471DC5AA9A00C1944A /* ViewController.h */ = {isa = PBXFileReference; lastKnownFileType = sourcecode.c.h; path = ViewController.h; sourceTree = "<group>"; };
		D1D329481DC5AA9A00C1944A /* ViewController.m */ = {isa = PBXFileReference; lastKnownFileType = sourcecode.c.objc; path = ViewController.m; sourceTree = "<group>"; };
		D1D3294B1DC5AA9A00C1944A /* Base */ = {isa = PBXFileReference; lastKnownFileType = file.storyboard; name = Base; path = Base.lproj/Main.storyboard; sourceTree = "<group>"; };
		D1D3294D1DC5AA9A00C1944A /* Assets.xcassets */ = {isa = PBXFileReference; lastKnownFileType = folder.assetcatalog; path = Assets.xcassets; sourceTree = "<group>"; };
		D1D329501DC5AA9A00C1944A /* Base */ = {isa = PBXFileReference; lastKnownFileType = file.storyboard; name = Base; path = Base.lproj/LaunchScreen.storyboard; sourceTree = "<group>"; };
		D1D329521DC5AA9A00C1944A /* Info.plist */ = {isa = PBXFileReference; lastKnownFileType = text.plist.xml; path = Info.plist; sourceTree = "<group>"; };
		D1D3295E1DC5AADA00C1944A /* Airstream.xcodeproj */ = {isa = PBXFileReference; lastKnownFileType = "wrapper.pb-project"; name = Airstream.xcodeproj; path = ../../Airstream.xcodeproj; sourceTree = "<group>"; };
/* End PBXFileReference section */

/* Begin PBXFrameworksBuildPhase section */
		D1D3293B1DC5AA9A00C1944A /* Frameworks */ = {
			isa = PBXFrameworksBuildPhase;
			buildActionMask = 2147483647;
			files = (
				D18D31791DC5D80000AD55A2 /* Airstream.framework in Frameworks */,
			);
			runOnlyForDeploymentPostprocessing = 0;
		};
/* End PBXFrameworksBuildPhase section */

/* Begin PBXGroup section */
		D12778291DC5AE7C00818DB0 /* Frameworks */ = {
			isa = PBXGroup;
			children = (
				D1705F0C1DC5B07200F1898B /* libcrypto.a */,
				D1705F0A1DC5B07000F1898B /* libalac.a */,
				D127782A1DC5AE7C00818DB0 /* libshairplay.a */,
			);
			name = Frameworks;
			sourceTree = "<group>";
		};
		D1705F591DC5CF4600F1898B /* TPCircularBuffer */ = {
			isa = PBXGroup;
			children = (
				D1705F571DC5CF4300F1898B /* TPCircularBuffer.h */,
				D1705F561DC5CF4300F1898B /* TPCircularBuffer.c */,
			);
			name = TPCircularBuffer;
			sourceTree = "<group>";
		};
		D1D329351DC5AA9A00C1944A = {
			isa = PBXGroup;
			children = (
				D1D329401DC5AA9A00C1944A /* Airstream iOS Example */,
				D1D329671DC5AAE700C1944A /* Dependencies */,
				D1D3293F1DC5AA9A00C1944A /* Products */,
				D12778291DC5AE7C00818DB0 /* Frameworks */,
			);
			sourceTree = "<group>";
		};
		D1D3293F1DC5AA9A00C1944A /* Products */ = {
			isa = PBXGroup;
			children = (
				D1D3293E1DC5AA9A00C1944A /* Airstream iOS Example.app */,
			);
			name = Products;
			sourceTree = "<group>";
		};
		D1D329401DC5AA9A00C1944A /* Airstream iOS Example */ = {
			isa = PBXGroup;
			children = (
				D1D329441DC5AA9A00C1944A /* AppDelegate.h */,
				D1D329451DC5AA9A00C1944A /* AppDelegate.m */,
				D1D329471DC5AA9A00C1944A /* ViewController.h */,
				D1D329481DC5AA9A00C1944A /* ViewController.m */,
				D1D3294A1DC5AA9A00C1944A /* Main.storyboard */,
				D1D3294D1DC5AA9A00C1944A /* Assets.xcassets */,
				D1D3294F1DC5AA9A00C1944A /* LaunchScreen.storyboard */,
				D1D329521DC5AA9A00C1944A /* Info.plist */,
				D1D329411DC5AA9A00C1944A /* Supporting Files */,
			);
			path = "Airstream iOS Example";
			sourceTree = "<group>";
		};
		D1D329411DC5AA9A00C1944A /* Supporting Files */ = {
			isa = PBXGroup;
			children = (
				D1D329421DC5AA9A00C1944A /* main.m */,
			);
			name = "Supporting Files";
			sourceTree = "<group>";
		};
		D1D3295F1DC5AADA00C1944A /* Products */ = {
			isa = PBXGroup;
			children = (
				D1D329661DC5AADA00C1944A /* Airstream.framework */,
			);
			name = Products;
			sourceTree = "<group>";
		};
		D1D329671DC5AAE700C1944A /* Dependencies */ = {
			isa = PBXGroup;
			children = (
				D1705F591DC5CF4600F1898B /* TPCircularBuffer */,
				D1D3295E1DC5AADA00C1944A /* Airstream.xcodeproj */,
			);
			name = Dependencies;
			sourceTree = "<group>";
		};
/* End PBXGroup section */

/* Begin PBXNativeTarget section */
		D1D3293D1DC5AA9A00C1944A /* Airstream iOS Example */ = {
			isa = PBXNativeTarget;
			buildConfigurationList = D1D329551DC5AA9A00C1944A /* Build configuration list for PBXNativeTarget "Airstream iOS Example" */;
			buildPhases = (
				D1D3293A1DC5AA9A00C1944A /* Sources */,
				D1D3293B1DC5AA9A00C1944A /* Frameworks */,
				D1D3293C1DC5AA9A00C1944A /* Resources */,
				D18D317D1DC5D80000AD55A2 /* Embed Frameworks */,
			);
			buildRules = (
			);
			dependencies = (
				D18D317C1DC5D80000AD55A2 /* PBXTargetDependency */,
			);
			name = "Airstream iOS Example";
			productName = "Airstream iOS Example";
			productReference = D1D3293E1DC5AA9A00C1944A /* Airstream iOS Example.app */;
			productType = "com.apple.product-type.application";
		};
/* End PBXNativeTarget section */

/* Begin PBXProject section */
		D1D329361DC5AA9A00C1944A /* Project object */ = {
			isa = PBXProject;
			attributes = {
				LastUpgradeCheck = 0810;
				ORGANIZATIONNAME = "Qasim Iqbal";
				TargetAttributes = {
					D1D3293D1DC5AA9A00C1944A = {
						CreatedOnToolsVersion = 8.1;
						ProvisioningStyle = Automatic;
					};
				};
			};
			buildConfigurationList = D1D329391DC5AA9A00C1944A /* Build configuration list for PBXProject "Airstream iOS Example" */;
			compatibilityVersion = "Xcode 3.2";
			developmentRegion = English;
			hasScannedForEncodings = 0;
			knownRegions = (
				en,
				Base,
			);
			mainGroup = D1D329351DC5AA9A00C1944A;
			productRefGroup = D1D3293F1DC5AA9A00C1944A /* Products */;
			projectDirPath = "";
			projectReferences = (
				{
					ProductGroup = D1D3295F1DC5AADA00C1944A /* Products */;
					ProjectRef = D1D3295E1DC5AADA00C1944A /* Airstream.xcodeproj */;
				},
			);
			projectRoot = "";
			targets = (
				D1D3293D1DC5AA9A00C1944A /* Airstream iOS Example */,
			);
		};
/* End PBXProject section */

/* Begin PBXReferenceProxy section */
		D1D329661DC5AADA00C1944A /* Airstream.framework */ = {
			isa = PBXReferenceProxy;
			fileType = wrapper.framework;
			path = Airstream.framework;
			remoteRef = D1D329651DC5AADA00C1944A /* PBXContainerItemProxy */;
			sourceTree = BUILT_PRODUCTS_DIR;
		};
/* End PBXReferenceProxy section */

/* Begin PBXResourcesBuildPhase section */
		D1D3293C1DC5AA9A00C1944A /* Resources */ = {
			isa = PBXResourcesBuildPhase;
			buildActionMask = 2147483647;
			files = (
				D1D329511DC5AA9A00C1944A /* LaunchScreen.storyboard in Resources */,
				D1D3294E1DC5AA9A00C1944A /* Assets.xcassets in Resources */,
				D1D3294C1DC5AA9A00C1944A /* Main.storyboard in Resources */,
			);
			runOnlyForDeploymentPostprocessing = 0;
		};
/* End PBXResourcesBuildPhase section */

/* Begin PBXSourcesBuildPhase section */
		D1D3293A1DC5AA9A00C1944A /* Sources */ = {
			isa = PBXSourcesBuildPhase;
			buildActionMask = 2147483647;
			files = (
				D1D329491DC5AA9A00C1944A /* ViewController.m in Sources */,
				D1D329461DC5AA9A00C1944A /* AppDelegate.m in Sources */,
				D1705F581DC5CF4300F1898B /* TPCircularBuffer.c in Sources */,
				D1D329431DC5AA9A00C1944A /* main.m in Sources */,
			);
			runOnlyForDeploymentPostprocessing = 0;
		};
/* End PBXSourcesBuildPhase section */

/* Begin PBXTargetDependency section */
		D18D317C1DC5D80000AD55A2 /* PBXTargetDependency */ = {
			isa = PBXTargetDependency;
			name = Airstream;
			targetProxy = D18D317B1DC5D80000AD55A2 /* PBXContainerItemProxy */;
		};
/* End PBXTargetDependency section */

/* Begin PBXVariantGroup section */
		D1D3294A1DC5AA9A00C1944A /* Main.storyboard */ = {
			isa = PBXVariantGroup;
			children = (
				D1D3294B1DC5AA9A00C1944A /* Base */,
			);
			name = Main.storyboard;
			sourceTree = "<group>";
		};
		D1D3294F1DC5AA9A00C1944A /* LaunchScreen.storyboard */ = {
			isa = PBXVariantGroup;
			children = (
				D1D329501DC5AA9A00C1944A /* Base */,
			);
			name = LaunchScreen.storyboard;
			sourceTree = "<group>";
		};
/* End PBXVariantGroup section */

/* Begin XCBuildConfiguration section */
		D1D329531DC5AA9A00C1944A /* Debug */ = {
			isa = XCBuildConfiguration;
			buildSettings = {
				ALWAYS_SEARCH_USER_PATHS = NO;
				CLANG_ANALYZER_NONNULL = YES;
				CLANG_CXX_LANGUAGE_STANDARD = "gnu++0x";
				CLANG_CXX_LIBRARY = "libc++";
				CLANG_ENABLE_MODULES = YES;
				CLANG_ENABLE_OBJC_ARC = YES;
				CLANG_WARN_BOOL_CONVERSION = YES;
				CLANG_WARN_CONSTANT_CONVERSION = YES;
				CLANG_WARN_DIRECT_OBJC_ISA_USAGE = YES_ERROR;
				CLANG_WARN_DOCUMENTATION_COMMENTS = YES;
				CLANG_WARN_EMPTY_BODY = YES;
				CLANG_WARN_ENUM_CONVERSION = YES;
				CLANG_WARN_INFINITE_RECURSION = YES;
				CLANG_WARN_INT_CONVERSION = YES;
				CLANG_WARN_OBJC_ROOT_CLASS = YES_ERROR;
				CLANG_WARN_SUSPICIOUS_MOVES = YES;
				CLANG_WARN_UNREACHABLE_CODE = YES;
				CLANG_WARN__DUPLICATE_METHOD_MATCH = YES;
				"CODE_SIGN_IDENTITY[sdk=iphoneos*]" = "iPhone Developer";
				COPY_PHASE_STRIP = NO;
				DEBUG_INFORMATION_FORMAT = dwarf;
				ENABLE_STRICT_OBJC_MSGSEND = YES;
				ENABLE_TESTABILITY = YES;
				GCC_C_LANGUAGE_STANDARD = gnu99;
				GCC_DYNAMIC_NO_PIC = NO;
				GCC_NO_COMMON_BLOCKS = YES;
				GCC_OPTIMIZATION_LEVEL = 0;
				GCC_PREPROCESSOR_DEFINITIONS = (
					"DEBUG=1",
					"$(inherited)",
				);
				GCC_WARN_64_TO_32_BIT_CONVERSION = YES;
				GCC_WARN_ABOUT_RETURN_TYPE = YES_ERROR;
				GCC_WARN_UNDECLARED_SELECTOR = YES;
				GCC_WARN_UNINITIALIZED_AUTOS = YES_AGGRESSIVE;
				GCC_WARN_UNUSED_FUNCTION = YES;
				GCC_WARN_UNUSED_VARIABLE = YES;
				IPHONEOS_DEPLOYMENT_TARGET = 10.1;
				MTL_ENABLE_DEBUG_INFO = YES;
				ONLY_ACTIVE_ARCH = YES;
				SDKROOT = iphoneos;
			};
			name = Debug;
		};
		D1D329541DC5AA9A00C1944A /* Release */ = {
			isa = XCBuildConfiguration;
			buildSettings = {
				ALWAYS_SEARCH_USER_PATHS = NO;
				CLANG_ANALYZER_NONNULL = YES;
				CLANG_CXX_LANGUAGE_STANDARD = "gnu++0x";
				CLANG_CXX_LIBRARY = "libc++";
				CLANG_ENABLE_MODULES = YES;
				CLANG_ENABLE_OBJC_ARC = YES;
				CLANG_WARN_BOOL_CONVERSION = YES;
				CLANG_WARN_CONSTANT_CONVERSION = YES;
				CLANG_WARN_DIRECT_OBJC_ISA_USAGE = YES_ERROR;
				CLANG_WARN_DOCUMENTATION_COMMENTS = YES;
				CLANG_WARN_EMPTY_BODY = YES;
				CLANG_WARN_ENUM_CONVERSION = YES;
				CLANG_WARN_INFINITE_RECURSION = YES;
				CLANG_WARN_INT_CONVERSION = YES;
				CLANG_WARN_OBJC_ROOT_CLASS = YES_ERROR;
				CLANG_WARN_SUSPICIOUS_MOVES = YES;
				CLANG_WARN_UNREACHABLE_CODE = YES;
				CLANG_WARN__DUPLICATE_METHOD_MATCH = YES;
				"CODE_SIGN_IDENTITY[sdk=iphoneos*]" = "iPhone Developer";
				COPY_PHASE_STRIP = NO;
				DEBUG_INFORMATION_FORMAT = "dwarf-with-dsym";
				ENABLE_NS_ASSERTIONS = NO;
				ENABLE_STRICT_OBJC_MSGSEND = YES;
				GCC_C_LANGUAGE_STANDARD = gnu99;
				GCC_NO_COMMON_BLOCKS = YES;
				GCC_WARN_64_TO_32_BIT_CONVERSION = YES;
				GCC_WARN_ABOUT_RETURN_TYPE = YES_ERROR;
				GCC_WARN_UNDECLARED_SELECTOR = YES;
				GCC_WARN_UNINITIALIZED_AUTOS = YES_AGGRESSIVE;
				GCC_WARN_UNUSED_FUNCTION = YES;
				GCC_WARN_UNUSED_VARIABLE = YES;
				IPHONEOS_DEPLOYMENT_TARGET = 10.1;
				MTL_ENABLE_DEBUG_INFO = NO;
				SDKROOT = iphoneos;
				VALIDATE_PRODUCT = YES;
			};
			name = Release;
		};
		D1D329561DC5AA9A00C1944A /* Debug */ = {
			isa = XCBuildConfiguration;
			buildSettings = {
				ALWAYS_SEARCH_USER_PATHS = NO;
				ASSETCATALOG_COMPILER_APPICON_NAME = AppIcon;
				DEVELOPMENT_TEAM = "";
				HEADER_SEARCH_PATHS = "$(SRCROOT)/../../../**";
				INFOPLIST_FILE = "Airstream iOS Example/Info.plist";
				LD_RUNPATH_SEARCH_PATHS = "$(inherited) @executable_path/Frameworks";
				PRODUCT_BUNDLE_IDENTIFIER = "im.qas.Airstream-iOS-Example";
				PRODUCT_NAME = "$(TARGET_NAME)";
				USER_HEADER_SEARCH_PATHS = "$(SRCROOT)/../../../**";
			};
			name = Debug;
		};
		D1D329571DC5AA9A00C1944A /* Release */ = {
			isa = XCBuildConfiguration;
			buildSettings = {
				ALWAYS_SEARCH_USER_PATHS = NO;
				ASSETCATALOG_COMPILER_APPICON_NAME = AppIcon;
				DEVELOPMENT_TEAM = "";
				HEADER_SEARCH_PATHS = "$(SRCROOT)/../../../**";
				INFOPLIST_FILE = "Airstream iOS Example/Info.plist";
				LD_RUNPATH_SEARCH_PATHS = "$(inherited) @executable_path/Frameworks";
				PRODUCT_BUNDLE_IDENTIFIER = "im.qas.Airstream-iOS-Example";
				PRODUCT_NAME = "$(TARGET_NAME)";
				USER_HEADER_SEARCH_PATHS = "$(SRCROOT)/../../../**";
			};
			name = Release;
		};
/* End XCBuildConfiguration section */

/* Begin XCConfigurationList section */
		D1D329391DC5AA9A00C1944A /* Build configuration list for PBXProject "Airstream iOS Example" */ = {
			isa = XCConfigurationList;
			buildConfigurations = (
				D1D329531DC5AA9A00C1944A /* Debug */,
				D1D329541DC5AA9A00C1944A /* Release */,
			);
			defaultConfigurationIsVisible = 0;
			defaultConfigurationName = Release;
		};
		D1D329551DC5AA9A00C1944A /* Build configuration list for PBXNativeTarget "Airstream iOS Example" */ = {
			isa = XCConfigurationList;
			buildConfigurations = (
				D1D329561DC5AA9A00C1944A /* Debug */,
				D1D329571DC5AA9A00C1944A /* Release */,
			);
			defaultConfigurationIsVisible = 0;
			defaultConfigurationName = Release;
		};
/* End XCConfigurationList section */
	};
	rootObject = D1D329361DC5AA9A00C1944A /* Project object */;
}
